// !$*UTF8*$!
{
	archiveVersion = 1;
	classes = {
	};
	objectVersion = 50;
	objects = {

/* Begin PBXBuildFile section */
		800CA16D2667F03100EC3D10 /* Scroll_Top_With_Floating_Action_ButtonApp.swift in Sources */ = {isa = PBXBuildFile; fileRef = 800CA16C2667F03100EC3D10 /* Scroll_Top_With_Floating_Action_ButtonApp.swift */; };
		800CA16F2667F03100EC3D10 /* ContentView.swift in Sources */ = {isa = PBXBuildFile; fileRef = 800CA16E2667F03100EC3D10 /* ContentView.swift */; };
		800CA1712667F03300EC3D10 /* Assets.xcassets in Resources */ = {isa = PBXBuildFile; fileRef = 800CA1702667F03300EC3D10 /* Assets.xcassets */; };
		800CA1742667F03300EC3D10 /* Preview Assets.xcassets in Resources */ = {isa = PBXBuildFile; fileRef = 800CA1732667F03300EC3D10 /* Preview Assets.xcassets */; };
/* End PBXBuildFile section */

/* Begin PBXFileReference section */
		800CA1692667F03100EC3D10 /* Scroll Top With Floating Action Button.app */ = {isa = PBXFileReference; explicitFileType = wrapper.application; includeInIndex = 0; path = "Scroll Top With Floating Action Button.app"; sourceTree = BUILT_PRODUCTS_DIR; };
		800CA16C2667F03100EC3D10 /* Scroll_Top_With_Floating_Action_ButtonApp.swift */ = {isa = PBXFileReference; lastKnownFileType = sourcecode.swift; path = Scroll_Top_With_Floating_Action_ButtonApp.swift; sourceTree = "<group>"; };
		800CA16E2667F03100EC3D10 /* ContentView.swift */ = {isa = PBXFileReference; lastKnownFileType = sourcecode.swift; path = ContentView.swift; sourceTree = "<group>"; };
		800CA1702667F03300EC3D10 /* Assets.xcassets */ = {isa = PBXFileReference; lastKnownFileType = folder.assetcatalog; path = Assets.xcassets; sourceTree = "<group>"; };
		800CA1732667F03300EC3D10 /* Preview Assets.xcassets */ = {isa = PBXFileReference; lastKnownFileType = folder.assetcatalog; path = "Preview Assets.xcassets"; sourceTree = "<group>"; };
		800CA1752667F03300EC3D10 /* Info.plist */ = {isa = PBXFileReference; lastKnownFileType = text.plist.xml; path = Info.plist; sourceTree = "<group>"; };
/* End PBXFileReference section */

/* Begin PBXFrameworksBuildPhase section */
		800CA1662667F03100EC3D10 /* Frameworks */ = {
			isa = PBXFrameworksBuildPhase;
			buildActionMask = 2147483647;
			files = (
			);
			runOnlyForDeploymentPostprocessing = 0;
		};
/* End PBXFrameworksBuildPhase section */

/* Begin PBXGroup section */
		800CA1602667F03100EC3D10 = {
			isa = PBXGroup;
			children = (
				800CA16B2667F03100EC3D10 /* Scroll Top With Floating Action Button */,
				800CA16A2667F03100EC3D10 /* Products */,
			);
			sourceTree = "<group>";
		};
		800CA16A2667F03100EC3D10 /* Products */ = {
			isa = PBXGroup;
			children = (
				800CA1692667F03100EC3D10 /* Scroll Top With Floating Action Button.app */,
			);
			name = Products;
			sourceTree = "<group>";
		};
		800CA16B2667F03100EC3D10 /* Scroll Top With Floating Action Button */ = {
			isa = PBXGroup;
			children = (
				800CA16C2667F03100EC3D10 /* Scroll_Top_With_Floating_Action_ButtonApp.swift */,
				800CA16E2667F03100EC3D10 /* ContentView.swift */,
				800CA1702667F03300EC3D10 /* Assets.xcassets */,
				800CA1752667F03300EC3D10 /* Info.plist */,
				800CA1722667F03300EC3D10 /* Preview Content */,
			);
			path = "Scroll Top With Floating Action Button";
			sourceTree = "<group>";
		};
		800CA1722667F03300EC3D10 /* Preview Content */ = {
			isa = PBXGroup;
			children = (
				800CA1732667F03300EC3D10 /* Preview Assets.xcassets */,
			);
			path = "Preview Content";
			sourceTree = "<group>";
		};
/* End PBXGroup section */

/* Begin PBXNativeTarget section */
		800CA1682667F03100EC3D10 /* Scroll Top With Floating Action Button */ = {
			isa = PBXNativeTarget;
			buildConfigurationList = 800CA1782667F03300EC3D10 /* Build configuration list for PBXNativeTarget "Scroll Top With Floating Action Button" */;
			buildPhases = (
				800CA1652667F03100EC3D10 /* Sources */,
				800CA1662667F03100EC3D10 /* Frameworks */,
				800CA1672667F03100EC3D10 /* Resources */,
			);
			buildRules = (
			);
			dependencies = (
			);
			name = "Scroll Top With Floating Action Button";
			productName = "Scroll Top With Floating Action Button";
			productReference = 800CA1692667F03100EC3D10 /* Scroll Top With Floating Action Button.app */;
			productType = "com.apple.product-type.application";
		};
/* End PBXNativeTarget section */

/* Begin PBXProject section */
		800CA1612667F03100EC3D10 /* Project object */ = {
			isa = PBXProject;
			attributes = {
				LastSwiftUpdateCheck = 1250;
				LastUpgradeCheck = 1250;
				TargetAttributes = {
					800CA1682667F03100EC3D10 = {
						CreatedOnToolsVersion = 12.5;
					};
				};
			};
			buildConfigurationList = 800CA1642667F03100EC3D10 /* Build configuration list for PBXProject "Scroll Top With Floating Action Button" */;
			compatibilityVersion = "Xcode 9.3";
			developmentRegion = en;
			hasScannedForEncodings = 0;
			knownRegions = (
				en,
				Base,
			);
			mainGroup = 800CA1602667F03100EC3D10;
			productRefGroup = 800CA16A2667F03100EC3D10 /* Products */;
			projectDirPath = "";
			projectRoot = "";
			targets = (
				800CA1682667F03100EC3D10 /* Scroll Top With Floating Action Button */,
			);
		};
/* End PBXProject section */

/* Begin PBXResourcesBuildPhase section */
		800CA1672667F03100EC3D10 /* Resources */ = {
			isa = PBXResourcesBuildPhase;
			buildActionMask = 2147483647;
			files = (
				800CA1742667F03300EC3D10 /* Preview Assets.xcassets in Resources */,
				800CA1712667F03300EC3D10 /* Assets.xcassets in Resources */,
			);
			runOnlyForDeploymentPostprocessing = 0;
		};
/* End PBXResourcesBuildPhase section */

/* Begin PBXSourcesBuildPhase section */
		800CA1652667F03100EC3D10 /* Sources */ = {
			isa = PBXSourcesBuildPhase;
			buildActionMask = 2147483647;
			files = (
				800CA16F2667F03100EC3D10 /* ContentView.swift in Sources */,
				800CA16D2667F03100EC3D10 /* Scroll_Top_With_Floating_Action_ButtonApp.swift in Sources */,
			);
			runOnlyForDeploymentPostprocessing = 0;
		};
/* End PBXSourcesBuildPhase section */

/* Begin XCBuildConfiguration section */
		800CA1762667F03300EC3D10 /* Debug */ = {
			isa = XCBuildConfiguration;
			buildSettings = {
				ALWAYS_SEARCH_USER_PATHS = NO;
				CLANG_ANALYZER_NONNULL = YES;
				CLANG_ANALYZER_NUMBER_OBJECT_CONVERSION = YES_AGGRESSIVE;
				CLANG_CXX_LANGUAGE_STANDARD = "gnu++14";
				CLANG_CXX_LIBRARY = "libc++";
				CLANG_ENABLE_MODULES = YES;
				CLANG_ENABLE_OBJC_ARC = YES;
				CLANG_ENABLE_OBJC_WEAK = YES;
				CLANG_WARN_BLOCK_CAPTURE_AUTORELEASING = YES;
				CLANG_WARN_BOOL_CONVERSION = YES;
				CLANG_WARN_COMMA = YES;
				CLANG_WARN_CONSTANT_CONVERSION = YES;
				CLANG_WARN_DEPRECATED_OBJC_IMPLEMENTATIONS = YES;
				CLANG_WARN_DIRECT_OBJC_ISA_USAGE = YES_ERROR;
				CLANG_WARN_DOCUMENTATION_COMMENTS = YES;
				CLANG_WARN_EMPTY_BODY = YES;
				CLANG_WARN_ENUM_CONVERSION = YES;
				CLANG_WARN_INFINITE_RECURSION = YES;
				CLANG_WARN_INT_CONVERSION = YES;
				CLANG_WARN_NON_LITERAL_NULL_CONVERSION = YES;
				CLANG_WARN_OBJC_IMPLICIT_RETAIN_SELF = YES;
				CLANG_WARN_OBJC_LITERAL_CONVERSION = YES;
				CLANG_WARN_OBJC_ROOT_CLASS = YES_ERROR;
				CLANG_WARN_QUOTED_INCLUDE_IN_FRAMEWORK_HEADER = YES;
				CLANG_WARN_RANGE_LOOP_ANALYSIS = YES;
				CLANG_WARN_STRICT_PROTOTYPES = YES;
				CLANG_WARN_SUSPICIOUS_MOVE = YES;
				CLANG_WARN_UNGUARDED_AVAILABILITY = YES_AGGRESSIVE;
				CLANG_WARN_UNREACHABLE_CODE = YES;
				CLANG_WARN__DUPLICATE_METHOD_MATCH = YES;
				COPY_PHASE_STRIP = NO;
				DEBUG_INFORMATION_FORMAT = dwarf;
				ENABLE_STRICT_OBJC_MSGSEND = YES;
				ENABLE_TESTABILITY = YES;
				GCC_C_LANGUAGE_STANDARD = gnu11;
				GCC_DYNAMIC_NO_PIC = NO;
				GCC_NO_COMMON_BLOCKS = YES;
				GCC_OPTIMIZATION_LEVEL = 0;
				GCC_PREPROCESSOR_DEFINITIONS = (
					"DEBUG=1",
					"$(inherited)",
				);
				GCC_WARN_64_TO_32_BIT_CONVERSION = YES;
				GCC_WARN_ABOUT_RETURN_TYPE = YES_ERROR;
				GCC_WARN_UNDECLARED_SELECTOR = YES;
				GCC_WARN_UNINITIALIZED_AUTOS = YES_AGGRESSIVE;
				GCC_WARN_UNUSED_FUNCTION = YES;
				GCC_WARN_UNUSED_VARIABLE = YES;
				IPHONEOS_DEPLOYMENT_TARGET = 14.5;
				MTL_ENABLE_DEBUG_INFO = INCLUDE_SOURCE;
				MTL_FAST_MATH = YES;
				ONLY_ACTIVE_ARCH = YES;
				SDKROOT = iphoneos;
				SWIFT_ACTIVE_COMPILATION_CONDITIONS = DEBUG;
				SWIFT_OPTIMIZATION_LEVEL = "-Onone";
			};
			name = Debug;
		};
		800CA1772667F03300EC3D10 /* Release */ = {
			isa = XCBuildConfiguration;
			buildSettings = {
				ALWAYS_SEARCH_USER_PATHS = NO;
				CLANG_ANALYZER_NONNULL = YES;
				CLANG_ANALYZER_NUMBER_OBJECT_CONVERSION = YES_AGGRESSIVE;
				CLANG_CXX_LANGUAGE_STANDARD = "gnu++14";
				CLANG_CXX_LIBRARY = "libc++";
				CLANG_ENABLE_MODULES = YES;
				CLANG_ENABLE_OBJC_ARC = YES;
				CLANG_ENABLE_OBJC_WEAK = YES;
				CLANG_WARN_BLOCK_CAPTURE_AUTORELEASING = YES;
				CLANG_WARN_BOOL_CONVERSION = YES;
				CLANG_WARN_COMMA = YES;
				CLANG_WARN_CONSTANT_CONVERSION = YES;
				CLANG_WARN_DEPRECATED_OBJC_IMPLEMENTATIONS = YES;
				CLANG_WARN_DIRECT_OBJC_ISA_USAGE = YES_ERROR;
				CLANG_WARN_DOCUMENTATION_COMMENTS = YES;
				CLANG_WARN_EMPTY_BODY = YES;
				CLANG_WARN_ENUM_CONVERSION = YES;
				CLANG_WARN_INFINITE_RECURSION = YES;
				CLANG_WARN_INT_CONVERSION = YES;
				CLANG_WARN_NON_LITERAL_NULL_CONVERSION = YES;
				CLANG_WARN_OBJC_IMPLICIT_RETAIN_SELF = YES;
				CLANG_WARN_OBJC_LITERAL_CONVERSION = YES;
				CLANG_WARN_OBJC_ROOT_CLASS = YES_ERROR;
				CLANG_WARN_QUOTED_INCLUDE_IN_FRAMEWORK_HEADER = YES;
				CLANG_WARN_RANGE_LOOP_ANALYSIS = YES;
				CLANG_WARN_STRICT_PROTOTYPES = YES;
				CLANG_WARN_SUSPICIOUS_MOVE = YES;
				CLANG_WARN_UNGUARDED_AVAILABILITY = YES_AGGRESSIVE;
				CLANG_WARN_UNREACHABLE_CODE = YES;
				CLANG_WARN__DUPLICATE_METHOD_MATCH = YES;
				COPY_PHASE_STRIP = NO;
				DEBUG_INFORMATION_FORMAT = "dwarf-with-dsym";
				ENABLE_NS_ASSERTIONS = NO;
				ENABLE_STRICT_OBJC_MSGSEND = YES;
				GCC_C_LANGUAGE_STANDARD = gnu11;
				GCC_NO_COMMON_BLOCKS = YES;
				GCC_WARN_64_TO_32_BIT_CONVERSION = YES;
				GCC_WARN_ABOUT_RETURN_TYPE = YES_ERROR;
				GCC_WARN_UNDECLARED_SELECTOR = YES;
				GCC_WARN_UNINITIALIZED_AUTOS = YES_AGGRESSIVE;
				GCC_WARN_UNUSED_FUNCTION = YES;
				GCC_WARN_UNUSED_VARIABLE = YES;
				IPHONEOS_DEPLOYMENT_TARGET = 14.5;
				MTL_ENABLE_DEBUG_INFO = NO;
				MTL_FAST_MATH = YES;
				SDKROOT = iphoneos;
				SWIFT_COMPILATION_MODE = wholemodule;
				SWIFT_OPTIMIZATION_LEVEL = "-O";
				VALIDATE_PRODUCT = YES;
			};
			name = Release;
		};
		800CA1792667F03300EC3D10 /* Debug */ = {
			isa = XCBuildConfiguration;
			buildSettings = {
				ASSETCATALOG_COMPILER_APPICON_NAME = AppIcon;
				ASSETCATALOG_COMPILER_GLOBAL_ACCENT_COLOR_NAME = AccentColor;
				CODE_SIGN_STYLE = Automatic;
				DEVELOPMENT_ASSET_PATHS = "\"Scroll Top With Floating Action Button/Preview Content\"";
				DEVELOPMENT_TEAM = 5QUWNVRQBT;
				ENABLE_PREVIEWS = YES;
				INFOPLIST_FILE = "Scroll Top With Floating Action Button/Info.plist";
				IPHONEOS_DEPLOYMENT_TARGET = 14.0;
				LD_RUNPATH_SEARCH_PATHS = (
					"$(inherited)",
					"@executable_path/Frameworks",
				);
				PRODUCT_BUNDLE_IDENTIFIER = "kalinichenko.Scroll-Top-With-Floating-Action-Button";
				PRODUCT_NAME = "$(TARGET_NAME)";
				SWIFT_VERSION = 5.0;
				TARGETED_DEVICE_FAMILY = "1,2";
			};
			name = Debug;
		};
		800CA17A2667F03300EC3D10 /* Release */ = {
			isa = XCBuildConfiguration;
			buildSettings = {
				ASSETCATALOG_COMPILER_APPICON_NAME = AppIcon;
				ASSETCATALOG_COMPILER_GLOBAL_ACCENT_COLOR_NAME = AccentColor;
				CODE_SIGN_STYLE = Automatic;
				DEVELOPMENT_ASSET_PATHS = "\"Scroll Top With Floating Action Button/Preview Content\"";
				DEVELOPMENT_TEAM = 5QUWNVRQBT;
				ENABLE_PREVIEWS = YES;
				INFOPLIST_FILE = "Scroll Top With Floating Action Button/Info.plist";
				IPHONEOS_DEPLOYMENT_TARGET = 14.0;
				LD_RUNPATH_SEARCH_PATHS = (
					"$(inherited)",
					"@executable_path/Frameworks",
				);
				PRODUCT_BUNDLE_IDENTIFIER = "kalinichenko.Scroll-Top-With-Floating-Action-Button";
				PRODUCT_NAME = "$(TARGET_NAME)";
				SWIFT_VERSION = 5.0;
				TARGETED_DEVICE_FAMILY = "1,2";
			};
			name = Release;
		};
/* End XCBuildConfiguration section */

/* Begin XCConfigurationList section */
		800CA1642667F03100EC3D10 /* Build configuration list for PBXProject "Scroll Top With Floating Action Button" */ = {
			isa = XCConfigurationList;
			buildConfigurations = (
				800CA1762667F03300EC3D10 /* Debug */,
				800CA1772667F03300EC3D10 /* Release */,
			);
			defaultConfigurationIsVisible = 0;
			defaultConfigurationName = Release;
		};
		800CA1782667F03300EC3D10 /* Build configuration list for PBXNativeTarget "Scroll Top With Floating Action Button" */ = {
			isa = XCConfigurationList;
			buildConfigurations = (
				800CA1792667F03300EC3D10 /* Debug */,
				800CA17A2667F03300EC3D10 /* Release */,
			);
			defaultConfigurationIsVisible = 0;
			defaultConfigurationName = Release;
		};
/* End XCConfigurationList section */
	};
	rootObject = 800CA1612667F03100EC3D10 /* Project object */;
}
